
Microsoft Visual Studio Solution File, Format Version 12.00
# Visual Studio 14
VisualStudioVersion = 14.0.23107.0
MinimumVisualStudioVersion = 10.0.40219.1
Project("{FAE04EC0-301F-11D3-BF4B-00C04F79EFBC}") = "P5_2_1204021", "P5_2_1204021\P5_2_1204021.csproj", "{21C0E882-3B54-4ABD-94A0-07ECE48EF02D}"
EndProject
Project("{FAE04EC0-301F-11D3-BF4B-00C04F79EFBC}") = "P5_2_1204021_TestClock", "P5_2_1204021_TestClock\P5_2_1204021_TestClock.csproj", "{B17B2B7C-3AC0-47A4-B8FD-2C3C50EB4FE0}"
EndProject
Global
	GlobalSection(SolutionConfigurationPlatforms) = preSolution
		Debug|Any CPU = Debug|Any CPU
		Release|Any CPU = Release|Any CPU
	EndGlobalSection
	GlobalSection(ProjectConfigurationPlatforms) = postSolution
		{21C0E882-3B54-4ABD-94A0-07ECE48EF02D}.Debug|Any CPU.ActiveCfg = Debug|Any CPU
		{21C0E882-3B54-4ABD-94A0-07ECE48EF02D}.Debug|Any CPU.Build.0 = Debug|Any CPU
		{21C0E882-3B54-4ABD-94A0-07ECE48EF02D}.Release|Any CPU.ActiveCfg = Release|Any CPU
		{21C0E882-3B54-4ABD-94A0-07ECE48EF02D}.Release|Any CPU.Build.0 = Release|Any CPU
		{B17B2B7C-3AC0-47A4-B8FD-2C3C50EB4FE0}.Debug|Any CPU.ActiveCfg = Debug|Any CPU
		{B17B2B7C-3AC0-47A4-B8FD-2C3C50EB4FE0}.Debug|Any CPU.Build.0 = Debug|Any CPU
		{B17B2B7C-3AC0-47A4-B8FD-2C3C50EB4FE0}.Release|Any CPU.ActiveCfg = Release|Any CPU
		{B17B2B7C-3AC0-47A4-B8FD-2C3C50EB4FE0}.Release|Any CPU.Build.0 = Release|Any CPU
	EndGlobalSection
	GlobalSection(SolutionProperties) = preSolution
		HideSolutionNode = FALSE
	EndGlobalSection
EndGlobal
